
Microsoft Visual Studio Solution File, Format Version 12.00
# Visual Studio Version 16
VisualStudioVersion = 16.0.31829.152
MinimumVisualStudioVersion = 10.0.40219.1
Project("{FAE04EC0-301F-11D3-BF4B-00C04F79EFBC}") = "Task_2", "Task_2\Task_2.csproj", "{5F73076B-B0E0-444F-8033-9D3400987690}"
EndProject
Project("{9A19103F-16F7-4668-BE54-9A1E7A4F7556}") = "Task_8", "Task_8\Task_8.csproj", "{66F137F6-2A6C-4115-87E5-3576C3E127E1}"
EndProject
Global
	GlobalSection(SolutionConfigurationPlatforms) = preSolution
		Debug|Any CPU = Debug|Any CPU
		Release|Any CPU = Release|Any CPU
	EndGlobalSection
	GlobalSection(ProjectConfigurationPlatforms) = postSolution
		{5F73076B-B0E0-444F-8033-9D3400987690}.Debug|Any CPU.ActiveCfg = Debug|Any CPU
		{5F73076B-B0E0-444F-8033-9D3400987690}.Debug|Any CPU.Build.0 = Debug|Any CPU
		{5F73076B-B0E0-444F-8033-9D3400987690}.Release|Any CPU.ActiveCfg = Release|Any CPU
		{5F73076B-B0E0-444F-8033-9D3400987690}.Release|Any CPU.Build.0 = Release|Any CPU
		{66F137F6-2A6C-4115-87E5-3576C3E127E1}.Debug|Any CPU.ActiveCfg = Debug|Any CPU
		{66F137F6-2A6C-4115-87E5-3576C3E127E1}.Debug|Any CPU.Build.0 = Debug|Any CPU
		{66F137F6-2A6C-4115-87E5-3576C3E127E1}.Release|Any CPU.ActiveCfg = Release|Any CPU
		{66F137F6-2A6C-4115-87E5-3576C3E127E1}.Release|Any CPU.Build.0 = Release|Any CPU
	EndGlobalSection
	GlobalSection(SolutionProperties) = preSolution
		HideSolutionNode = FALSE
	EndGlobalSection
	GlobalSection(ExtensibilityGlobals) = postSolution
		SolutionGuid = {A4683356-849A-4978-971F-156BAB20B3BD}
	EndGlobalSection
EndGlobal
